
Microsoft Visual Studio Solution File, Format Version 12.00
# Visual Studio Version 17
VisualStudioVersion = 17.0.31903.59
MinimumVisualStudioVersion = 10.0.40219.1
Project("{2150E333-8FDC-42A3-9474-1A3956D46DE8}") = "src", "src", "{47A3BB53-C8D8-44D0-B17F-982495147F3F}"
EndProject
Project("{FAE04EC0-301F-11D3-BF4B-00C04F79EFBC}") = "TcfAnalyzer", "src\TcfAnalyzer\TcfAnalyzer.csproj", "{D4272C3F-B3AD-4DF2-BE67-22470DE0231F}"
EndProject
Project("{2150E333-8FDC-42A3-9474-1A3956D46DE8}") = "tests", "tests", "{835EBC27-2947-46A8-9532-EDE2A961A89C}"
EndProject
Project("{FAE04EC0-301F-11D3-BF4B-00C04F79EFBC}") = "TcfAnalyzer.Tests", "tests\TcfAnalyzer.Tests\TcfAnalyzer.Tests.csproj", "{04B04207-D3C9-4175-9C4F-3B4E6B22BCCD}"
EndProject
Global
	GlobalSection(SolutionConfigurationPlatforms) = preSolution
		Debug|Any CPU = Debug|Any CPU
		Release|Any CPU = Release|Any CPU
	EndGlobalSection
	GlobalSection(SolutionProperties) = preSolution
		HideSolutionNode = FALSE
	EndGlobalSection
	GlobalSection(ProjectConfigurationPlatforms) = postSolution
		{D4272C3F-B3AD-4DF2-BE67-22470DE0231F}.Debug|Any CPU.ActiveCfg = Debug|Any CPU
		{D4272C3F-B3AD-4DF2-BE67-22470DE0231F}.Debug|Any CPU.Build.0 = Debug|Any CPU
		{D4272C3F-B3AD-4DF2-BE67-22470DE0231F}.Release|Any CPU.ActiveCfg = Release|Any CPU
		{D4272C3F-B3AD-4DF2-BE67-22470DE0231F}.Release|Any CPU.Build.0 = Release|Any CPU
		{04B04207-D3C9-4175-9C4F-3B4E6B22BCCD}.Debug|Any CPU.ActiveCfg = Debug|Any CPU
		{04B04207-D3C9-4175-9C4F-3B4E6B22BCCD}.Debug|Any CPU.Build.0 = Debug|Any CPU
		{04B04207-D3C9-4175-9C4F-3B4E6B22BCCD}.Release|Any CPU.ActiveCfg = Release|Any CPU
		{04B04207-D3C9-4175-9C4F-3B4E6B22BCCD}.Release|Any CPU.Build.0 = Release|Any CPU
	EndGlobalSection
	GlobalSection(NestedProjects) = preSolution
		{D4272C3F-B3AD-4DF2-BE67-22470DE0231F} = {47A3BB53-C8D8-44D0-B17F-982495147F3F}
		{04B04207-D3C9-4175-9C4F-3B4E6B22BCCD} = {835EBC27-2947-46A8-9532-EDE2A961A89C}
	EndGlobalSection
EndGlobal
